// !$*UTF8*$!
{
	archiveVersion = 1;
	classes = {
	};
	objectVersion = 51;
	objects = {

/* Begin PBXBuildFile section */
		16B7395BFAD140A681D5F7DC /* amplifyconfiguration.json in Resources */ = {isa = PBXBuildFile; fileRef = B3E5DCC9FD054D40BBD7A9CC /* amplifyconfiguration.json */; };
		397CC6A3FF6742378824C933 /* awsconfiguration.json in Resources */ = {isa = PBXBuildFile; fileRef = D5A90BC86729462592E9CABA /* awsconfiguration.json */; };
		76052C952485783D00CF8AB7 /* PostSignInPage.swift in Sources */ = {isa = PBXBuildFile; fileRef = 76052C942485783D00CF8AB7 /* PostSignInPage.swift */; };
		764E5AC52481EAA400D4926F /* AppDelegate.swift in Sources */ = {isa = PBXBuildFile; fileRef = 764E5AC42481EAA400D4926F /* AppDelegate.swift */; };
		764E5AC72481EAA400D4926F /* SceneDelegate.swift in Sources */ = {isa = PBXBuildFile; fileRef = 764E5AC62481EAA400D4926F /* SceneDelegate.swift */; };
		764E5AC92481EAA400D4926F /* ViewController.swift in Sources */ = {isa = PBXBuildFile; fileRef = 764E5AC82481EAA400D4926F /* ViewController.swift */; };
		764E5ACC2481EAA400D4926F /* Main.storyboard in Resources */ = {isa = PBXBuildFile; fileRef = 764E5ACA2481EAA400D4926F /* Main.storyboard */; };
		764E5ACE2481EAA600D4926F /* Assets.xcassets in Resources */ = {isa = PBXBuildFile; fileRef = 764E5ACD2481EAA600D4926F /* Assets.xcassets */; };
		764E5AD12481EAA600D4926F /* LaunchScreen.storyboard in Resources */ = {isa = PBXBuildFile; fileRef = 764E5ACF2481EAA600D4926F /* LaunchScreen.storyboard */; };
		BE76CB8090CE92F977DA9C57 /* Pods_AWSTesting.framework in Frameworks */ = {isa = PBXBuildFile; fileRef = 3B5EB985DFE9CE068072AB67 /* Pods_AWSTesting.framework */; };
/* End PBXBuildFile section */

/* Begin PBXFileReference section */
		14712B0377BC36D2ED78E3DD /* Pods-AWSTesting.release.xcconfig */ = {isa = PBXFileReference; includeInIndex = 1; lastKnownFileType = text.xcconfig; name = "Pods-AWSTesting.release.xcconfig"; path = "Target Support Files/Pods-AWSTesting/Pods-AWSTesting.release.xcconfig"; sourceTree = "<group>"; };
		3B5EB985DFE9CE068072AB67 /* Pods_AWSTesting.framework */ = {isa = PBXFileReference; explicitFileType = wrapper.framework; includeInIndex = 0; path = Pods_AWSTesting.framework; sourceTree = BUILT_PRODUCTS_DIR; };
		639F6FB4BBAB40DCBCECAAE6 /* schema.graphql */ = {isa = PBXFileReference; explicitFileType = undefined; fileEncoding = 4; includeInIndex = 0; lastKnownFileType = text; name = schema.graphql; path = amplify/backend/api/amplifyDatasource/schema.graphql; sourceTree = "<group>"; };
		76052C942485783D00CF8AB7 /* PostSignInPage.swift */ = {isa = PBXFileReference; lastKnownFileType = sourcecode.swift; path = PostSignInPage.swift; sourceTree = "<group>"; };
		764E5AC12481EAA400D4926F /* AWSTesting.app */ = {isa = PBXFileReference; explicitFileType = wrapper.application; includeInIndex = 0; path = AWSTesting.app; sourceTree = BUILT_PRODUCTS_DIR; };
		764E5AC42481EAA400D4926F /* AppDelegate.swift */ = {isa = PBXFileReference; lastKnownFileType = sourcecode.swift; path = AppDelegate.swift; sourceTree = "<group>"; };
		764E5AC62481EAA400D4926F /* SceneDelegate.swift */ = {isa = PBXFileReference; lastKnownFileType = sourcecode.swift; path = SceneDelegate.swift; sourceTree = "<group>"; };
		764E5AC82481EAA400D4926F /* ViewController.swift */ = {isa = PBXFileReference; lastKnownFileType = sourcecode.swift; path = ViewController.swift; sourceTree = "<group>"; };
		764E5ACB2481EAA400D4926F /* Base */ = {isa = PBXFileReference; lastKnownFileType = file.storyboard; name = Base; path = Base.lproj/Main.storyboard; sourceTree = "<group>"; };
		764E5ACD2481EAA600D4926F /* Assets.xcassets */ = {isa = PBXFileReference; lastKnownFileType = folder.assetcatalog; path = Assets.xcassets; sourceTree = "<group>"; };
		764E5AD02481EAA600D4926F /* Base */ = {isa = PBXFileReference; lastKnownFileType = file.storyboard; name = Base; path = Base.lproj/LaunchScreen.storyboard; sourceTree = "<group>"; };
		764E5AD22481EAA600D4926F /* Info.plist */ = {isa = PBXFileReference; lastKnownFileType = text.plist.xml; path = Info.plist; sourceTree = "<group>"; };
		961B8136F4977DFDB978563B /* Pods-AWSTesting.debug.xcconfig */ = {isa = PBXFileReference; includeInIndex = 1; lastKnownFileType = text.xcconfig; name = "Pods-AWSTesting.debug.xcconfig"; path = "Target Support Files/Pods-AWSTesting/Pods-AWSTesting.debug.xcconfig"; sourceTree = "<group>"; };
		B3E5DCC9FD054D40BBD7A9CC /* amplifyconfiguration.json */ = {isa = PBXFileReference; explicitFileType = undefined; fileEncoding = 9; includeInIndex = 0; lastKnownFileType = unknown; path = amplifyconfiguration.json; sourceTree = "<group>"; };
		BBBD389078BD445E9DA8D9A0 /* amplifytools.xcconfig */ = {isa = PBXFileReference; explicitFileType = undefined; fileEncoding = 4; includeInIndex = 0; lastKnownFileType = text.xcconfig; path = amplifytools.xcconfig; sourceTree = "<group>"; };
		D5A90BC86729462592E9CABA /* awsconfiguration.json */ = {isa = PBXFileReference; explicitFileType = undefined; fileEncoding = 9; includeInIndex = 0; lastKnownFileType = unknown; path = awsconfiguration.json; sourceTree = "<group>"; };
/* End PBXFileReference section */

/* Begin PBXFrameworksBuildPhase section */
		764E5ABE2481EAA400D4926F /* Frameworks */ = {
			isa = PBXFrameworksBuildPhase;
			buildActionMask = 2147483647;
			files = (
				BE76CB8090CE92F977DA9C57 /* Pods_AWSTesting.framework in Frameworks */,
			);
			runOnlyForDeploymentPostprocessing = 0;
		};
/* End PBXFrameworksBuildPhase section */

/* Begin PBXGroup section */
		764E5AB82481EAA400D4926F = {
			isa = PBXGroup;
			children = (
				B6FD2D893715444BBE161890 /* AmplifyConfig */,
				764E5AC32481EAA400D4926F /* AWSTesting */,
				764E5AC22481EAA400D4926F /* Products */,
				D96E26ED979FAB616CA1A14E /* Pods */,
				85B930106074BCEECE215E6F /* Frameworks */,
			);
			sourceTree = "<group>";
		};
		764E5AC22481EAA400D4926F /* Products */ = {
			isa = PBXGroup;
			children = (
				764E5AC12481EAA400D4926F /* AWSTesting.app */,
			);
			name = Products;
			sourceTree = "<group>";
		};
		764E5AC32481EAA400D4926F /* AWSTesting */ = {
			isa = PBXGroup;
			children = (
				764E5AC42481EAA400D4926F /* AppDelegate.swift */,
				764E5AC62481EAA400D4926F /* SceneDelegate.swift */,
				764E5AC82481EAA400D4926F /* ViewController.swift */,
				764E5ACA2481EAA400D4926F /* Main.storyboard */,
				764E5ACD2481EAA600D4926F /* Assets.xcassets */,
				764E5ACF2481EAA600D4926F /* LaunchScreen.storyboard */,
				764E5AD22481EAA600D4926F /* Info.plist */,
				76052C942485783D00CF8AB7 /* PostSignInPage.swift */,
			);
			path = AWSTesting;
			sourceTree = "<group>";
		};
		85B930106074BCEECE215E6F /* Frameworks */ = {
			isa = PBXGroup;
			children = (
				3B5EB985DFE9CE068072AB67 /* Pods_AWSTesting.framework */,
			);
			name = Frameworks;
			sourceTree = "<group>";
		};
		B6FD2D893715444BBE161890 /* AmplifyConfig */ = {
			isa = PBXGroup;
			children = (
				BBBD389078BD445E9DA8D9A0 /* amplifytools.xcconfig */,
				B3E5DCC9FD054D40BBD7A9CC /* amplifyconfiguration.json */,
				D5A90BC86729462592E9CABA /* awsconfiguration.json */,
				639F6FB4BBAB40DCBCECAAE6 /* schema.graphql */,
			);
			name = AmplifyConfig;
			path = .;
			sourceTree = "<group>";
		};
		D96E26ED979FAB616CA1A14E /* Pods */ = {
			isa = PBXGroup;
			children = (
				961B8136F4977DFDB978563B /* Pods-AWSTesting.debug.xcconfig */,
				14712B0377BC36D2ED78E3DD /* Pods-AWSTesting.release.xcconfig */,
			);
			path = Pods;
			sourceTree = "<group>";
		};
/* End PBXGroup section */

/* Begin PBXNativeTarget section */
		764E5AC02481EAA400D4926F /* AWSTesting */ = {
			isa = PBXNativeTarget;
			buildConfigurationList = 764E5AD52481EAA600D4926F /* Build configuration list for PBXNativeTarget "AWSTesting" */;
			buildPhases = (
				DD4375FF18EB68D817E858BB /* [CP] Check Pods Manifest.lock */,
				76C46EB72481F08600E14379 /* Run Amplify Tools */,
				764E5ABD2481EAA400D4926F /* Sources */,
				764E5ABE2481EAA400D4926F /* Frameworks */,
				764E5ABF2481EAA400D4926F /* Resources */,
				B7A5B40072B96DB81A675DF5 /* [CP] Embed Pods Frameworks */,
			);
			buildRules = (
			);
			dependencies = (
			);
			name = AWSTesting;
			productName = AWSTesting;
			productReference = 764E5AC12481EAA400D4926F /* AWSTesting.app */;
			productType = "com.apple.product-type.application";
		};
/* End PBXNativeTarget section */

/* Begin PBXProject section */
		764E5AB92481EAA400D4926F /* Project object */ = {
			isa = PBXProject;
			attributes = {
				LastSwiftUpdateCheck = 1140;
				LastUpgradeCheck = 1140;
				ORGANIZATIONNAME = "Spiralus, LLC";
				TargetAttributes = {
					764E5AC02481EAA400D4926F = {
						CreatedOnToolsVersion = 11.4;
					};
				};
			};
			buildConfigurationList = 764E5ABC2481EAA400D4926F /* Build configuration list for PBXProject "AWSTesting" */;
			compatibilityVersion = "Xcode 9.3";
			developmentRegion = en;
			hasScannedForEncodings = 0;
			knownRegions = (
				en,
				Base,
			);
			mainGroup = 764E5AB82481EAA400D4926F;
			productRefGroup = 764E5AC22481EAA400D4926F /* Products */;
			projectDirPath = "";
			projectRoot = "";
			targets = (
				764E5AC02481EAA400D4926F /* AWSTesting */,
			);
		};
/* End PBXProject section */

/* Begin PBXResourcesBuildPhase section */
		764E5ABF2481EAA400D4926F /* Resources */ = {
			isa = PBXResourcesBuildPhase;
			buildActionMask = 2147483647;
			files = (
				764E5AD12481EAA600D4926F /* LaunchScreen.storyboard in Resources */,
				764E5ACE2481EAA600D4926F /* Assets.xcassets in Resources */,
				764E5ACC2481EAA400D4926F /* Main.storyboard in Resources */,
				16B7395BFAD140A681D5F7DC /* amplifyconfiguration.json in Resources */,
				397CC6A3FF6742378824C933 /* awsconfiguration.json in Resources */,
			);
			runOnlyForDeploymentPostprocessing = 0;
		};
/* End PBXResourcesBuildPhase section */

/* Begin PBXShellScriptBuildPhase section */
		76C46EB72481F08600E14379 /* Run Amplify Tools */ = {
			isa = PBXShellScriptBuildPhase;
			buildActionMask = 2147483647;
			files = (
			);
			inputFileListPaths = (
			);
			inputPaths = (
			);
			name = "Run Amplify Tools";
			outputFileListPaths = (
			);
			outputPaths = (
			);
			runOnlyForDeploymentPostprocessing = 0;
			shellPath = "/bin/sh\n${PODS_ROOT}/AmplifyTools/amplify-tools.sh\n${PODS_ROOT}/AmplifyTools/amplify-tools.sh";
			shellScript = "# Type a script or drag a script file from your workspace to insert its path.\n${PODS_ROOT}/AmplifyTools/amplify-tools.sh\n";
		};
		B7A5B40072B96DB81A675DF5 /* [CP] Embed Pods Frameworks */ = {
			isa = PBXShellScriptBuildPhase;
			buildActionMask = 2147483647;
			files = (
			);
			inputFileListPaths = (
				"${PODS_ROOT}/Target Support Files/Pods-AWSTesting/Pods-AWSTesting-frameworks-${CONFIGURATION}-input-files.xcfilelist",
			);
			name = "[CP] Embed Pods Frameworks";
			outputFileListPaths = (
				"${PODS_ROOT}/Target Support Files/Pods-AWSTesting/Pods-AWSTesting-frameworks-${CONFIGURATION}-output-files.xcfilelist",
			);
			runOnlyForDeploymentPostprocessing = 0;
			shellPath = /bin/sh;
			shellScript = "\"${PODS_ROOT}/Target Support Files/Pods-AWSTesting/Pods-AWSTesting-frameworks.sh\"\n";
			showEnvVarsInLog = 0;
		};
		DD4375FF18EB68D817E858BB /* [CP] Check Pods Manifest.lock */ = {
			isa = PBXShellScriptBuildPhase;
			buildActionMask = 2147483647;
			files = (
			);
			inputFileListPaths = (
			);
			inputPaths = (
				"${PODS_PODFILE_DIR_PATH}/Podfile.lock",
				"${PODS_ROOT}/Manifest.lock",
			);
			name = "[CP] Check Pods Manifest.lock";
			outputFileListPaths = (
			);
			outputPaths = (
				"$(DERIVED_FILE_DIR)/Pods-AWSTesting-checkManifestLockResult.txt",
			);
			runOnlyForDeploymentPostprocessing = 0;
			shellPath = /bin/sh;
			shellScript = "diff \"${PODS_PODFILE_DIR_PATH}/Podfile.lock\" \"${PODS_ROOT}/Manifest.lock\" > /dev/null\nif [ $? != 0 ] ; then\n    # print error to STDERR\n    echo \"error: The sandbox is not in sync with the Podfile.lock. Run 'pod install' or update your CocoaPods installation.\" >&2\n    exit 1\nfi\n# This output is used by Xcode 'outputs' to avoid re-running this script phase.\necho \"SUCCESS\" > \"${SCRIPT_OUTPUT_FILE_0}\"\n";
			showEnvVarsInLog = 0;
		};
/* End PBXShellScriptBuildPhase section */

/* Begin PBXSourcesBuildPhase section */
		764E5ABD2481EAA400D4926F /* Sources */ = {
			isa = PBXSourcesBuildPhase;
			buildActionMask = 2147483647;
			files = (
				764E5AC92481EAA400D4926F /* ViewController.swift in Sources */,
				764E5AC52481EAA400D4926F /* AppDelegate.swift in Sources */,
				76052C952485783D00CF8AB7 /* PostSignInPage.swift in Sources */,
				764E5AC72481EAA400D4926F /* SceneDelegate.swift in Sources */,
			);
			runOnlyForDeploymentPostprocessing = 0;
		};
/* End PBXSourcesBuildPhase section */

/* Begin PBXVariantGroup section */
		764E5ACA2481EAA400D4926F /* Main.storyboard */ = {
			isa = PBXVariantGroup;
			children = (
				764E5ACB2481EAA400D4926F /* Base */,
			);
			name = Main.storyboard;
			sourceTree = "<group>";
		};
		764E5ACF2481EAA600D4926F /* LaunchScreen.storyboard */ = {
			isa = PBXVariantGroup;
			children = (
				764E5AD02481EAA600D4926F /* Base */,
			);
			name = LaunchScreen.storyboard;
			sourceTree = "<group>";
		};
/* End PBXVariantGroup section */

/* Begin XCBuildConfiguration section */
		764E5AD32481EAA600D4926F /* Debug */ = {
			isa = XCBuildConfiguration;
			buildSettings = {
				ALWAYS_SEARCH_USER_PATHS = NO;
				CLANG_ANALYZER_NONNULL = YES;
				CLANG_ANALYZER_NUMBER_OBJECT_CONVERSION = YES_AGGRESSIVE;
				CLANG_CXX_LANGUAGE_STANDARD = "gnu++14";
				CLANG_CXX_LIBRARY = "libc++";
				CLANG_ENABLE_MODULES = YES;
				CLANG_ENABLE_OBJC_ARC = YES;
				CLANG_ENABLE_OBJC_WEAK = YES;
				CLANG_WARN_BLOCK_CAPTURE_AUTORELEASING = YES;
				CLANG_WARN_BOOL_CONVERSION = YES;
				CLANG_WARN_COMMA = YES;
				CLANG_WARN_CONSTANT_CONVERSION = YES;
				CLANG_WARN_DEPRECATED_OBJC_IMPLEMENTATIONS = YES;
				CLANG_WARN_DIRECT_OBJC_ISA_USAGE = YES_ERROR;
				CLANG_WARN_DOCUMENTATION_COMMENTS = YES;
				CLANG_WARN_EMPTY_BODY = YES;
				CLANG_WARN_ENUM_CONVERSION = YES;
				CLANG_WARN_INFINITE_RECURSION = YES;
				CLANG_WARN_INT_CONVERSION = YES;
				CLANG_WARN_NON_LITERAL_NULL_CONVERSION = YES;
				CLANG_WARN_OBJC_IMPLICIT_RETAIN_SELF = YES;
				CLANG_WARN_OBJC_LITERAL_CONVERSION = YES;
				CLANG_WARN_OBJC_ROOT_CLASS = YES_ERROR;
				CLANG_WARN_RANGE_LOOP_ANALYSIS = YES;
				CLANG_WARN_STRICT_PROTOTYPES = YES;
				CLANG_WARN_SUSPICIOUS_MOVE = YES;
				CLANG_WARN_UNGUARDED_AVAILABILITY = YES_AGGRESSIVE;
				CLANG_WARN_UNREACHABLE_CODE = YES;
				CLANG_WARN__DUPLICATE_METHOD_MATCH = YES;
				COPY_PHASE_STRIP = NO;
				DEBUG_INFORMATION_FORMAT = dwarf;
				ENABLE_STRICT_OBJC_MSGSEND = YES;
				ENABLE_TESTABILITY = YES;
				GCC_C_LANGUAGE_STANDARD = gnu11;
				GCC_DYNAMIC_NO_PIC = NO;
				GCC_NO_COMMON_BLOCKS = YES;
				GCC_OPTIMIZATION_LEVEL = 0;
				GCC_PREPROCESSOR_DEFINITIONS = (
					"DEBUG=1",
					"$(inherited)",
				);
				GCC_WARN_64_TO_32_BIT_CONVERSION = YES;
				GCC_WARN_ABOUT_RETURN_TYPE = YES_ERROR;
				GCC_WARN_UNDECLARED_SELECTOR = YES;
				GCC_WARN_UNINITIALIZED_AUTOS = YES_AGGRESSIVE;
				GCC_WARN_UNUSED_FUNCTION = YES;
				GCC_WARN_UNUSED_VARIABLE = YES;
				IPHONEOS_DEPLOYMENT_TARGET = 13.4;
				MTL_ENABLE_DEBUG_INFO = INCLUDE_SOURCE;
				MTL_FAST_MATH = YES;
				ONLY_ACTIVE_ARCH = YES;
				SDKROOT = iphoneos;
				SWIFT_ACTIVE_COMPILATION_CONDITIONS = DEBUG;
				SWIFT_OPTIMIZATION_LEVEL = "-Onone";
			};
			name = Debug;
		};
		764E5AD42481EAA600D4926F /* Release */ = {
			isa = XCBuildConfiguration;
			buildSettings = {
				ALWAYS_SEARCH_USER_PATHS = NO;
				CLANG_ANALYZER_NONNULL = YES;
				CLANG_ANALYZER_NUMBER_OBJECT_CONVERSION = YES_AGGRESSIVE;
				CLANG_CXX_LANGUAGE_STANDARD = "gnu++14";
				CLANG_CXX_LIBRARY = "libc++";
				CLANG_ENABLE_MODULES = YES;
				CLANG_ENABLE_OBJC_ARC = YES;
				CLANG_ENABLE_OBJC_WEAK = YES;
				CLANG_WARN_BLOCK_CAPTURE_AUTORELEASING = YES;
				CLANG_WARN_BOOL_CONVERSION = YES;
				CLANG_WARN_COMMA = YES;
				CLANG_WARN_CONSTANT_CONVERSION = YES;
				CLANG_WARN_DEPRECATED_OBJC_IMPLEMENTATIONS = YES;
				CLANG_WARN_DIRECT_OBJC_ISA_USAGE = YES_ERROR;
				CLANG_WARN_DOCUMENTATION_COMMENTS = YES;
				CLANG_WARN_EMPTY_BODY = YES;
				CLANG_WARN_ENUM_CONVERSION = YES;
				CLANG_WARN_INFINITE_RECURSION = YES;
				CLANG_WARN_INT_CONVERSION = YES;
				CLANG_WARN_NON_LITERAL_NULL_CONVERSION = YES;
				CLANG_WARN_OBJC_IMPLICIT_RETAIN_SELF = YES;
				CLANG_WARN_OBJC_LITERAL_CONVERSION = YES;
				CLANG_WARN_OBJC_ROOT_CLASS = YES_ERROR;
				CLANG_WARN_RANGE_LOOP_ANALYSIS = YES;
				CLANG_WARN_STRICT_PROTOTYPES = YES;
				CLANG_WARN_SUSPICIOUS_MOVE = YES;
				CLANG_WARN_UNGUARDED_AVAILABILITY = YES_AGGRESSIVE;
				CLANG_WARN_UNREACHABLE_CODE = YES;
				CLANG_WARN__DUPLICATE_METHOD_MATCH = YES;
				COPY_PHASE_STRIP = NO;
				DEBUG_INFORMATION_FORMAT = "dwarf-with-dsym";
				ENABLE_NS_ASSERTIONS = NO;
				ENABLE_STRICT_OBJC_MSGSEND = YES;
				GCC_C_LANGUAGE_STANDARD = gnu11;
				GCC_NO_COMMON_BLOCKS = YES;
				GCC_WARN_64_TO_32_BIT_CONVERSION = YES;
				GCC_WARN_ABOUT_RETURN_TYPE = YES_ERROR;
				GCC_WARN_UNDECLARED_SELECTOR = YES;
				GCC_WARN_UNINITIALIZED_AUTOS = YES_AGGRESSIVE;
				GCC_WARN_UNUSED_FUNCTION = YES;
				GCC_WARN_UNUSED_VARIABLE = YES;
				IPHONEOS_DEPLOYMENT_TARGET = 13.4;
				MTL_ENABLE_DEBUG_INFO = NO;
				MTL_FAST_MATH = YES;
				SDKROOT = iphoneos;
				SWIFT_COMPILATION_MODE = wholemodule;
				SWIFT_OPTIMIZATION_LEVEL = "-O";
				VALIDATE_PRODUCT = YES;
			};
			name = Release;
		};
		764E5AD62481EAA600D4926F /* Debug */ = {
			isa = XCBuildConfiguration;
			baseConfigurationReference = 961B8136F4977DFDB978563B /* Pods-AWSTesting.debug.xcconfig */;
			buildSettings = {
				ASSETCATALOG_COMPILER_APPICON_NAME = AppIcon;
				CODE_SIGN_STYLE = Automatic;
				DEVELOPMENT_TEAM = GT26K4YGKB;
				INFOPLIST_FILE = AWSTesting/Info.plist;
				LD_RUNPATH_SEARCH_PATHS = (
					"$(inherited)",
					"@executable_path/Frameworks",
				);
				PRODUCT_BUNDLE_IDENTIFIER = "Sal-s-Apps.AWSTesting";
				PRODUCT_NAME = "$(TARGET_NAME)";
				SWIFT_VERSION = 5.0;
				TARGETED_DEVICE_FAMILY = "1,2";
			};
			name = Debug;
		};
		764E5AD72481EAA600D4926F /* Release */ = {
			isa = XCBuildConfiguration;
			baseConfigurationReference = 14712B0377BC36D2ED78E3DD /* Pods-AWSTesting.release.xcconfig */;
			buildSettings = {
				ASSETCATALOG_COMPILER_APPICON_NAME = AppIcon;
				CODE_SIGN_STYLE = Automatic;
				DEVELOPMENT_TEAM = GT26K4YGKB;
				INFOPLIST_FILE = AWSTesting/Info.plist;
				LD_RUNPATH_SEARCH_PATHS = (
					"$(inherited)",
					"@executable_path/Frameworks",
				);
				PRODUCT_BUNDLE_IDENTIFIER = "Sal-s-Apps.AWSTesting";
				PRODUCT_NAME = "$(TARGET_NAME)";
				SWIFT_VERSION = 5.0;
				TARGETED_DEVICE_FAMILY = "1,2";
			};
			name = Release;
		};
/* End XCBuildConfiguration section */

/* Begin XCConfigurationList section */
		764E5ABC2481EAA400D4926F /* Build configuration list for PBXProject "AWSTesting" */ = {
			isa = XCConfigurationList;
			buildConfigurations = (
				764E5AD32481EAA600D4926F /* Debug */,
				764E5AD42481EAA600D4926F /* Release */,
			);
			defaultConfigurationIsVisible = 0;
			defaultConfigurationName = Release;
		};
		764E5AD52481EAA600D4926F /* Build configuration list for PBXNativeTarget "AWSTesting" */ = {
			isa = XCConfigurationList;
			buildConfigurations = (
				764E5AD62481EAA600D4926F /* Debug */,
				764E5AD72481EAA600D4926F /* Release */,
			);
			defaultConfigurationIsVisible = 0;
			defaultConfigurationName = Release;
		};
/* End XCConfigurationList section */
	};
	rootObject = 764E5AB92481EAA400D4926F /* Project object */;
}
